
Microsoft Visual Studio Solution File, Format Version 12.00
# Visual Studio Version 16
VisualStudioVersion = 16.0.30804.86
MinimumVisualStudioVersion = 10.0.40219.1
Project("{9A19103F-16F7-4668-BE54-9A1E7A4F7556}") = "LCH.Services..GuestBook.Dedup", "LCH.Services.GuestBook.Dedup\LCH.Services..GuestBook.Dedup.csproj", "{BEA87B5A-BA79-4460-8B6F-327599ED73FF}"
EndProject
Project("{9A19103F-16F7-4668-BE54-9A1E7A4F7556}") = "LCH.Services.GuestBook.Dedup.Test", "LCH.Services.GuestBook.Dedup.Test\LCH.Services.GuestBook.Dedup.Test.csproj", "{A47E72B7-C528-4349-ABF1-906660433E11}"
EndProject
Global
	GlobalSection(SolutionConfigurationPlatforms) = preSolution
		Debug|Any CPU = Debug|Any CPU
		Release|Any CPU = Release|Any CPU
	EndGlobalSection
	GlobalSection(ProjectConfigurationPlatforms) = postSolution
		{BEA87B5A-BA79-4460-8B6F-327599ED73FF}.Debug|Any CPU.ActiveCfg = Debug|Any CPU
		{BEA87B5A-BA79-4460-8B6F-327599ED73FF}.Debug|Any CPU.Build.0 = Debug|Any CPU
		{BEA87B5A-BA79-4460-8B6F-327599ED73FF}.Release|Any CPU.ActiveCfg = Release|Any CPU
		{BEA87B5A-BA79-4460-8B6F-327599ED73FF}.Release|Any CPU.Build.0 = Release|Any CPU
		{A47E72B7-C528-4349-ABF1-906660433E11}.Debug|Any CPU.ActiveCfg = Debug|Any CPU
		{A47E72B7-C528-4349-ABF1-906660433E11}.Debug|Any CPU.Build.0 = Debug|Any CPU
		{A47E72B7-C528-4349-ABF1-906660433E11}.Release|Any CPU.ActiveCfg = Release|Any CPU
		{A47E72B7-C528-4349-ABF1-906660433E11}.Release|Any CPU.Build.0 = Release|Any CPU
	EndGlobalSection
	GlobalSection(SolutionProperties) = preSolution
		HideSolutionNode = FALSE
	EndGlobalSection
	GlobalSection(ExtensibilityGlobals) = postSolution
		SolutionGuid = {BE88B5DB-A654-42B5-A962-BFE658392CD2}
	EndGlobalSection
EndGlobal
